
Microsoft Visual Studio Solution File, Format Version 12.00
# Visual Studio Version 17
VisualStudioVersion = 17.2.32526.322
MinimumVisualStudioVersion = 10.0.40219.1
Project("{FAE04EC0-301F-11D3-BF4B-00C04F79EFBC}") = "Lab 4", "Lab 4\Lab 4.csproj", "{68045D66-4764-4556-B428-13C388C02D15}"
EndProject
Global
	GlobalSection(SolutionConfigurationPlatforms) = preSolution
		Debug|Any CPU = Debug|Any CPU
		Release|Any CPU = Release|Any CPU
	EndGlobalSection
	GlobalSection(ProjectConfigurationPlatforms) = postSolution
		{68045D66-4764-4556-B428-13C388C02D15}.Debug|Any CPU.ActiveCfg = Debug|Any CPU
		{68045D66-4764-4556-B428-13C388C02D15}.Debug|Any CPU.Build.0 = Debug|Any CPU
		{68045D66-4764-4556-B428-13C388C02D15}.Release|Any CPU.ActiveCfg = Release|Any CPU
		{68045D66-4764-4556-B428-13C388C02D15}.Release|Any CPU.Build.0 = Release|Any CPU
	EndGlobalSection
	GlobalSection(SolutionProperties) = preSolution
		HideSolutionNode = FALSE
	EndGlobalSection
	GlobalSection(ExtensibilityGlobals) = postSolution
		SolutionGuid = {159BF4EC-C16A-4220-9E3D-DF44B877C17D}
	EndGlobalSection
EndGlobal
